
Microsoft Visual Studio Solution File, Format Version 12.00
# Visual Studio 15
VisualStudioVersion = 15.0.26430.16
MinimumVisualStudioVersion = 10.0.40219.1
Project("{FAE04EC0-301F-11D3-BF4B-00C04F79EFBC}") = "MankalaLib", "MankalaLib\MankalaLib.csproj", "{6E1F3207-E923-4413-A7DA-7FC07D4BDFFF}"
EndProject
Project("{FAE04EC0-301F-11D3-BF4B-00C04F79EFBC}") = "MankalaREST", "MankalaREST\MankalaREST.csproj", "{911ACC07-9E82-4893-ACD5-1D7434E9A644}"
EndProject
Project("{FAE04EC0-301F-11D3-BF4B-00C04F79EFBC}") = "MankalaUWP", "MankalaUWP\MankalaUWP.csproj", "{81A1103D-81EA-43AF-AF7D-2B2B6EA679F5}"
EndProject
Project("{FAE04EC0-301F-11D3-BF4B-00C04F79EFBC}") = "MankalaWPF", "MankalaWPF\MankalaWPF.csproj", "{511204C7-E1D1-4A25-A2B5-179E690E57BA}"
EndProject
Project("{FAE04EC0-301F-11D3-BF4B-00C04F79EFBC}") = "MankalaHTML", "MankalaHTML\MankalaHTML.csproj", "{E6D03E6E-038F-48CE-8434-DFB2F8879274}"
EndProject
Project("{FAE04EC0-301F-11D3-BF4B-00C04F79EFBC}") = "Test", "Test\Test.csproj", "{FB7E8694-0D70-463F-BF65-CEF85CFAB456}"
EndProject
Global
	GlobalSection(SolutionConfigurationPlatforms) = preSolution
		Debug|Any CPU = Debug|Any CPU
		Debug|ARM = Debug|ARM
		Debug|x64 = Debug|x64
		Debug|x86 = Debug|x86
		Release|Any CPU = Release|Any CPU
		Release|ARM = Release|ARM
		Release|x64 = Release|x64
		Release|x86 = Release|x86
	EndGlobalSection
	GlobalSection(ProjectConfigurationPlatforms) = postSolution
		{6E1F3207-E923-4413-A7DA-7FC07D4BDFFF}.Debug|Any CPU.ActiveCfg = Debug|Any CPU
		{6E1F3207-E923-4413-A7DA-7FC07D4BDFFF}.Debug|Any CPU.Build.0 = Debug|Any CPU
		{6E1F3207-E923-4413-A7DA-7FC07D4BDFFF}.Debug|ARM.ActiveCfg = Debug|Any CPU
		{6E1F3207-E923-4413-A7DA-7FC07D4BDFFF}.Debug|ARM.Build.0 = Debug|Any CPU
		{6E1F3207-E923-4413-A7DA-7FC07D4BDFFF}.Debug|x64.ActiveCfg = Debug|Any CPU
		{6E1F3207-E923-4413-A7DA-7FC07D4BDFFF}.Debug|x64.Build.0 = Debug|Any CPU
		{6E1F3207-E923-4413-A7DA-7FC07D4BDFFF}.Debug|x86.ActiveCfg = Debug|Any CPU
		{6E1F3207-E923-4413-A7DA-7FC07D4BDFFF}.Debug|x86.Build.0 = Debug|Any CPU
		{6E1F3207-E923-4413-A7DA-7FC07D4BDFFF}.Release|Any CPU.ActiveCfg = Release|Any CPU
		{6E1F3207-E923-4413-A7DA-7FC07D4BDFFF}.Release|Any CPU.Build.0 = Release|Any CPU
		{6E1F3207-E923-4413-A7DA-7FC07D4BDFFF}.Release|ARM.ActiveCfg = Release|Any CPU
		{6E1F3207-E923-4413-A7DA-7FC07D4BDFFF}.Release|ARM.Build.0 = Release|Any CPU
		{6E1F3207-E923-4413-A7DA-7FC07D4BDFFF}.Release|x64.ActiveCfg = Release|Any CPU
		{6E1F3207-E923-4413-A7DA-7FC07D4BDFFF}.Release|x64.Build.0 = Release|Any CPU
		{6E1F3207-E923-4413-A7DA-7FC07D4BDFFF}.Release|x86.ActiveCfg = Release|Any CPU
		{6E1F3207-E923-4413-A7DA-7FC07D4BDFFF}.Release|x86.Build.0 = Release|Any CPU
		{911ACC07-9E82-4893-ACD5-1D7434E9A644}.Debug|Any CPU.ActiveCfg = Debug|Any CPU
		{911ACC07-9E82-4893-ACD5-1D7434E9A644}.Debug|Any CPU.Build.0 = Debug|Any CPU
		{911ACC07-9E82-4893-ACD5-1D7434E9A644}.Debug|ARM.ActiveCfg = Debug|Any CPU
		{911ACC07-9E82-4893-ACD5-1D7434E9A644}.Debug|ARM.Build.0 = Debug|Any CPU
		{911ACC07-9E82-4893-ACD5-1D7434E9A644}.Debug|x64.ActiveCfg = Debug|Any CPU
		{911ACC07-9E82-4893-ACD5-1D7434E9A644}.Debug|x64.Build.0 = Debug|Any CPU
		{911ACC07-9E82-4893-ACD5-1D7434E9A644}.Debug|x86.ActiveCfg = Debug|Any CPU
		{911ACC07-9E82-4893-ACD5-1D7434E9A644}.Debug|x86.Build.0 = Debug|Any CPU
		{911ACC07-9E82-4893-ACD5-1D7434E9A644}.Release|Any CPU.ActiveCfg = Release|Any CPU
		{911ACC07-9E82-4893-ACD5-1D7434E9A644}.Release|Any CPU.Build.0 = Release|Any CPU
		{911ACC07-9E82-4893-ACD5-1D7434E9A644}.Release|ARM.ActiveCfg = Release|Any CPU
		{911ACC07-9E82-4893-ACD5-1D7434E9A644}.Release|ARM.Build.0 = Release|Any CPU
		{911ACC07-9E82-4893-ACD5-1D7434E9A644}.Release|x64.ActiveCfg = Release|Any CPU
		{911ACC07-9E82-4893-ACD5-1D7434E9A644}.Release|x64.Build.0 = Release|Any CPU
		{911ACC07-9E82-4893-ACD5-1D7434E9A644}.Release|x86.ActiveCfg = Release|Any CPU
		{911ACC07-9E82-4893-ACD5-1D7434E9A644}.Release|x86.Build.0 = Release|Any CPU
		{81A1103D-81EA-43AF-AF7D-2B2B6EA679F5}.Debug|Any CPU.ActiveCfg = Debug|x86
		{81A1103D-81EA-43AF-AF7D-2B2B6EA679F5}.Debug|Any CPU.Build.0 = Debug|x86
		{81A1103D-81EA-43AF-AF7D-2B2B6EA679F5}.Debug|Any CPU.Deploy.0 = Debug|x86
		{81A1103D-81EA-43AF-AF7D-2B2B6EA679F5}.Debug|ARM.ActiveCfg = Debug|ARM
		{81A1103D-81EA-43AF-AF7D-2B2B6EA679F5}.Debug|ARM.Build.0 = Debug|ARM
		{81A1103D-81EA-43AF-AF7D-2B2B6EA679F5}.Debug|ARM.Deploy.0 = Debug|ARM
		{81A1103D-81EA-43AF-AF7D-2B2B6EA679F5}.Debug|x64.ActiveCfg = Debug|x64
		{81A1103D-81EA-43AF-AF7D-2B2B6EA679F5}.Debug|x64.Build.0 = Debug|x64
		{81A1103D-81EA-43AF-AF7D-2B2B6EA679F5}.Debug|x64.Deploy.0 = Debug|x64
		{81A1103D-81EA-43AF-AF7D-2B2B6EA679F5}.Debug|x86.ActiveCfg = Debug|x86
		{81A1103D-81EA-43AF-AF7D-2B2B6EA679F5}.Debug|x86.Build.0 = Debug|x86
		{81A1103D-81EA-43AF-AF7D-2B2B6EA679F5}.Debug|x86.Deploy.0 = Debug|x86
		{81A1103D-81EA-43AF-AF7D-2B2B6EA679F5}.Release|Any CPU.ActiveCfg = Release|x86
		{81A1103D-81EA-43AF-AF7D-2B2B6EA679F5}.Release|Any CPU.Build.0 = Release|x86
		{81A1103D-81EA-43AF-AF7D-2B2B6EA679F5}.Release|Any CPU.Deploy.0 = Release|x86
		{81A1103D-81EA-43AF-AF7D-2B2B6EA679F5}.Release|ARM.ActiveCfg = Release|ARM
		{81A1103D-81EA-43AF-AF7D-2B2B6EA679F5}.Release|ARM.Build.0 = Release|ARM
		{81A1103D-81EA-43AF-AF7D-2B2B6EA679F5}.Release|ARM.Deploy.0 = Release|ARM
		{81A1103D-81EA-43AF-AF7D-2B2B6EA679F5}.Release|x64.ActiveCfg = Release|x64
		{81A1103D-81EA-43AF-AF7D-2B2B6EA679F5}.Release|x64.Build.0 = Release|x64
		{81A1103D-81EA-43AF-AF7D-2B2B6EA679F5}.Release|x64.Deploy.0 = Release|x64
		{81A1103D-81EA-43AF-AF7D-2B2B6EA679F5}.Release|x86.ActiveCfg = Release|x86
		{81A1103D-81EA-43AF-AF7D-2B2B6EA679F5}.Release|x86.Build.0 = Release|x86
		{81A1103D-81EA-43AF-AF7D-2B2B6EA679F5}.Release|x86.Deploy.0 = Release|x86
		{511204C7-E1D1-4A25-A2B5-179E690E57BA}.Debug|Any CPU.ActiveCfg = Debug|Any CPU
		{511204C7-E1D1-4A25-A2B5-179E690E57BA}.Debug|Any CPU.Build.0 = Debug|Any CPU
		{511204C7-E1D1-4A25-A2B5-179E690E57BA}.Debug|ARM.ActiveCfg = Debug|Any CPU
		{511204C7-E1D1-4A25-A2B5-179E690E57BA}.Debug|ARM.Build.0 = Debug|Any CPU
		{511204C7-E1D1-4A25-A2B5-179E690E57BA}.Debug|x64.ActiveCfg = Debug|Any CPU
		{511204C7-E1D1-4A25-A2B5-179E690E57BA}.Debug|x64.Build.0 = Debug|Any CPU
		{511204C7-E1D1-4A25-A2B5-179E690E57BA}.Debug|x86.ActiveCfg = Debug|Any CPU
		{511204C7-E1D1-4A25-A2B5-179E690E57BA}.Debug|x86.Build.0 = Debug|Any CPU
		{511204C7-E1D1-4A25-A2B5-179E690E57BA}.Release|Any CPU.ActiveCfg = Release|Any CPU
		{511204C7-E1D1-4A25-A2B5-179E690E57BA}.Release|Any CPU.Build.0 = Release|Any CPU
		{511204C7-E1D1-4A25-A2B5-179E690E57BA}.Release|ARM.ActiveCfg = Release|Any CPU
		{511204C7-E1D1-4A25-A2B5-179E690E57BA}.Release|ARM.Build.0 = Release|Any CPU
		{511204C7-E1D1-4A25-A2B5-179E690E57BA}.Release|x64.ActiveCfg = Release|Any CPU
		{511204C7-E1D1-4A25-A2B5-179E690E57BA}.Release|x64.Build.0 = Release|Any CPU
		{511204C7-E1D1-4A25-A2B5-179E690E57BA}.Release|x86.ActiveCfg = Release|Any CPU
		{511204C7-E1D1-4A25-A2B5-179E690E57BA}.Release|x86.Build.0 = Release|Any CPU
		{E6D03E6E-038F-48CE-8434-DFB2F8879274}.Debug|Any CPU.ActiveCfg = Debug|Any CPU
		{E6D03E6E-038F-48CE-8434-DFB2F8879274}.Debug|Any CPU.Build.0 = Debug|Any CPU
		{E6D03E6E-038F-48CE-8434-DFB2F8879274}.Debug|ARM.ActiveCfg = Debug|Any CPU
		{E6D03E6E-038F-48CE-8434-DFB2F8879274}.Debug|ARM.Build.0 = Debug|Any CPU
		{E6D03E6E-038F-48CE-8434-DFB2F8879274}.Debug|x64.ActiveCfg = Debug|Any CPU
		{E6D03E6E-038F-48CE-8434-DFB2F8879274}.Debug|x64.Build.0 = Debug|Any CPU
		{E6D03E6E-038F-48CE-8434-DFB2F8879274}.Debug|x86.ActiveCfg = Debug|Any CPU
		{E6D03E6E-038F-48CE-8434-DFB2F8879274}.Debug|x86.Build.0 = Debug|Any CPU
		{E6D03E6E-038F-48CE-8434-DFB2F8879274}.Release|Any CPU.ActiveCfg = Release|Any CPU
		{E6D03E6E-038F-48CE-8434-DFB2F8879274}.Release|Any CPU.Build.0 = Release|Any CPU
		{E6D03E6E-038F-48CE-8434-DFB2F8879274}.Release|ARM.ActiveCfg = Release|Any CPU
		{E6D03E6E-038F-48CE-8434-DFB2F8879274}.Release|ARM.Build.0 = Release|Any CPU
		{E6D03E6E-038F-48CE-8434-DFB2F8879274}.Release|x64.ActiveCfg = Release|Any CPU
		{E6D03E6E-038F-48CE-8434-DFB2F8879274}.Release|x64.Build.0 = Release|Any CPU
		{E6D03E6E-038F-48CE-8434-DFB2F8879274}.Release|x86.ActiveCfg = Release|Any CPU
		{E6D03E6E-038F-48CE-8434-DFB2F8879274}.Release|x86.Build.0 = Release|Any CPU
		{FB7E8694-0D70-463F-BF65-CEF85CFAB456}.Debug|Any CPU.ActiveCfg = Debug|Any CPU
		{FB7E8694-0D70-463F-BF65-CEF85CFAB456}.Debug|Any CPU.Build.0 = Debug|Any CPU
		{FB7E8694-0D70-463F-BF65-CEF85CFAB456}.Debug|ARM.ActiveCfg = Debug|Any CPU
		{FB7E8694-0D70-463F-BF65-CEF85CFAB456}.Debug|ARM.Build.0 = Debug|Any CPU
		{FB7E8694-0D70-463F-BF65-CEF85CFAB456}.Debug|x64.ActiveCfg = Debug|Any CPU
		{FB7E8694-0D70-463F-BF65-CEF85CFAB456}.Debug|x64.Build.0 = Debug|Any CPU
		{FB7E8694-0D70-463F-BF65-CEF85CFAB456}.Debug|x86.ActiveCfg = Debug|Any CPU
		{FB7E8694-0D70-463F-BF65-CEF85CFAB456}.Debug|x86.Build.0 = Debug|Any CPU
		{FB7E8694-0D70-463F-BF65-CEF85CFAB456}.Release|Any CPU.ActiveCfg = Release|Any CPU
		{FB7E8694-0D70-463F-BF65-CEF85CFAB456}.Release|Any CPU.Build.0 = Release|Any CPU
		{FB7E8694-0D70-463F-BF65-CEF85CFAB456}.Release|ARM.ActiveCfg = Release|Any CPU
		{FB7E8694-0D70-463F-BF65-CEF85CFAB456}.Release|ARM.Build.0 = Release|Any CPU
		{FB7E8694-0D70-463F-BF65-CEF85CFAB456}.Release|x64.ActiveCfg = Release|Any CPU
		{FB7E8694-0D70-463F-BF65-CEF85CFAB456}.Release|x64.Build.0 = Release|Any CPU
		{FB7E8694-0D70-463F-BF65-CEF85CFAB456}.Release|x86.ActiveCfg = Release|Any CPU
		{FB7E8694-0D70-463F-BF65-CEF85CFAB456}.Release|x86.Build.0 = Release|Any CPU
	EndGlobalSection
	GlobalSection(SolutionProperties) = preSolution
		HideSolutionNode = FALSE
	EndGlobalSection
EndGlobal
